
Microsoft Visual Studio Solution File, Format Version 12.00
# Visual Studio 14
VisualStudioVersion = 14.0.25420.1
MinimumVisualStudioVersion = 10.0.40219.1
Project("{D954291E-2A0B-460D-934E-DC6B0785DB48}") = "MachineLearning", "MachineLearning\MachineLearning.shproj", "{9153500A-FF4E-4D14-B2D9-4590BE5C5598}"
EndProject
Global
	GlobalSection(SharedMSBuildProjectFiles) = preSolution
		MachineLearning\MachineLearning.projitems*{9153500a-ff4e-4d14-b2d9-4590be5c5598}*SharedItemsImports = 13
	EndGlobalSection
	GlobalSection(SolutionProperties) = preSolution
		HideSolutionNode = FALSE
	EndGlobalSection
EndGlobal
